
Microsoft Visual Studio Solution File, Format Version 12.00
# Visual Studio Version 17
VisualStudioVersion = 17.1.32210.238
MinimumVisualStudioVersion = 10.0.40219.1
Project("{FAE04EC0-301F-11D3-BF4B-00C04F79EFBC}") = "Calculator", "Calculator\Calculator.csproj", "{E294FC23-DA45-4200-962A-180C5B0F6429}"
EndProject
Global
	GlobalSection(SolutionConfigurationPlatforms) = preSolution
		Debug|Any CPU = Debug|Any CPU
		Release|Any CPU = Release|Any CPU
	EndGlobalSection
	GlobalSection(ProjectConfigurationPlatforms) = postSolution
		{E294FC23-DA45-4200-962A-180C5B0F6429}.Debug|Any CPU.ActiveCfg = Debug|Any CPU
		{E294FC23-DA45-4200-962A-180C5B0F6429}.Debug|Any CPU.Build.0 = Debug|Any CPU
		{E294FC23-DA45-4200-962A-180C5B0F6429}.Release|Any CPU.ActiveCfg = Release|Any CPU
		{E294FC23-DA45-4200-962A-180C5B0F6429}.Release|Any CPU.Build.0 = Release|Any CPU
	EndGlobalSection
	GlobalSection(SolutionProperties) = preSolution
		HideSolutionNode = FALSE
	EndGlobalSection
	GlobalSection(ExtensibilityGlobals) = postSolution
		SolutionGuid = {359C1EE5-DE99-4F14-83D8-82E00F495AD4}
	EndGlobalSection
EndGlobal
